
Microsoft Visual Studio Solution File, Format Version 12.00
# Visual Studio Version 17
VisualStudioVersion = 17.11.35312.102
MinimumVisualStudioVersion = 10.0.40219.1
Project("{FAE04EC0-301F-11D3-BF4B-00C04F79EFBC}") = "SignalRApi", "SignalRApi\SignalRApi.csproj", "{F58B5A67-2629-4937-91A5-F4FF2041B159}"
EndProject
Project("{FAE04EC0-301F-11D3-BF4B-00C04F79EFBC}") = "WebMvcUI", "WebMvcUI\WebMvcUI.csproj", "{5C8250EE-2CAA-4F09-8FEF-800EED314E02}"
EndProject
Global
	GlobalSection(SolutionConfigurationPlatforms) = preSolution
		Debug|Any CPU = Debug|Any CPU
		Release|Any CPU = Release|Any CPU
	EndGlobalSection
	GlobalSection(ProjectConfigurationPlatforms) = postSolution
		{F58B5A67-2629-4937-91A5-F4FF2041B159}.Debug|Any CPU.ActiveCfg = Debug|Any CPU
		{F58B5A67-2629-4937-91A5-F4FF2041B159}.Debug|Any CPU.Build.0 = Debug|Any CPU
		{F58B5A67-2629-4937-91A5-F4FF2041B159}.Release|Any CPU.ActiveCfg = Release|Any CPU
		{F58B5A67-2629-4937-91A5-F4FF2041B159}.Release|Any CPU.Build.0 = Release|Any CPU
		{5C8250EE-2CAA-4F09-8FEF-800EED314E02}.Debug|Any CPU.ActiveCfg = Debug|Any CPU
		{5C8250EE-2CAA-4F09-8FEF-800EED314E02}.Debug|Any CPU.Build.0 = Debug|Any CPU
		{5C8250EE-2CAA-4F09-8FEF-800EED314E02}.Release|Any CPU.ActiveCfg = Release|Any CPU
		{5C8250EE-2CAA-4F09-8FEF-800EED314E02}.Release|Any CPU.Build.0 = Release|Any CPU
	EndGlobalSection
	GlobalSection(SolutionProperties) = preSolution
		HideSolutionNode = FALSE
	EndGlobalSection
	GlobalSection(ExtensibilityGlobals) = postSolution
		SolutionGuid = {B4A82C8D-7B59-4FBF-9432-80F896EE9E2E}
	EndGlobalSection
EndGlobal
