
Microsoft Visual Studio Solution File, Format Version 12.00
# Visual Studio Version 17
VisualStudioVersion = 17.11.35312.102
MinimumVisualStudioVersion = 10.0.40219.1
Project("{FAE04EC0-301F-11D3-BF4B-00C04F79EFBC}") = "SignalRApi", "SignalRApi\SignalRApi.csproj", "{F58B5A67-2629-4937-91A5-F4FF2041B159}"
EndProject
Project("{FAE04EC0-301F-11D3-BF4B-00C04F79EFBC}") = "WebUI", "WebMvcUI\WebUI.csproj", "{5C8250EE-2CAA-4F09-8FEF-800EED314E02}"
EndProject
Project("{FAE04EC0-301F-11D3-BF4B-00C04F79EFBC}") = "EntityLayer", "EntityLayer\EntityLayer.csproj", "{EA7E0BA9-CDB1-4B47-ADB7-F8F68D80AE3D}"
EndProject
Project("{FAE04EC0-301F-11D3-BF4B-00C04F79EFBC}") = "DataAccessLayer", "DataAccessLayer\DataAccessLayer.csproj", "{156B7048-528C-4B32-9164-269AD0513A91}"
EndProject
Project("{FAE04EC0-301F-11D3-BF4B-00C04F79EFBC}") = "DtoLayer", "DtoLayer\DtoLayer.csproj", "{A4C6762E-59A1-4EDA-B1EA-6038AF5DA89F}"
EndProject
Project("{FAE04EC0-301F-11D3-BF4B-00C04F79EFBC}") = "BusinessLayer", "BusinessLayer\BusinessLayer.csproj", "{EEA3A203-F673-4084-8682-CE5930753385}"
EndProject
Global
	GlobalSection(SolutionConfigurationPlatforms) = preSolution
		Debug|Any CPU = Debug|Any CPU
		Release|Any CPU = Release|Any CPU
	EndGlobalSection
	GlobalSection(ProjectConfigurationPlatforms) = postSolution
		{F58B5A67-2629-4937-91A5-F4FF2041B159}.Debug|Any CPU.ActiveCfg = Debug|Any CPU
		{F58B5A67-2629-4937-91A5-F4FF2041B159}.Debug|Any CPU.Build.0 = Debug|Any CPU
		{F58B5A67-2629-4937-91A5-F4FF2041B159}.Release|Any CPU.ActiveCfg = Release|Any CPU
		{F58B5A67-2629-4937-91A5-F4FF2041B159}.Release|Any CPU.Build.0 = Release|Any CPU
		{5C8250EE-2CAA-4F09-8FEF-800EED314E02}.Debug|Any CPU.ActiveCfg = Debug|Any CPU
		{5C8250EE-2CAA-4F09-8FEF-800EED314E02}.Debug|Any CPU.Build.0 = Debug|Any CPU
		{5C8250EE-2CAA-4F09-8FEF-800EED314E02}.Release|Any CPU.ActiveCfg = Release|Any CPU
		{5C8250EE-2CAA-4F09-8FEF-800EED314E02}.Release|Any CPU.Build.0 = Release|Any CPU
		{EA7E0BA9-CDB1-4B47-ADB7-F8F68D80AE3D}.Debug|Any CPU.ActiveCfg = Debug|Any CPU
		{EA7E0BA9-CDB1-4B47-ADB7-F8F68D80AE3D}.Debug|Any CPU.Build.0 = Debug|Any CPU
		{EA7E0BA9-CDB1-4B47-ADB7-F8F68D80AE3D}.Release|Any CPU.ActiveCfg = Release|Any CPU
		{EA7E0BA9-CDB1-4B47-ADB7-F8F68D80AE3D}.Release|Any CPU.Build.0 = Release|Any CPU
		{156B7048-528C-4B32-9164-269AD0513A91}.Debug|Any CPU.ActiveCfg = Debug|Any CPU
		{156B7048-528C-4B32-9164-269AD0513A91}.Debug|Any CPU.Build.0 = Debug|Any CPU
		{156B7048-528C-4B32-9164-269AD0513A91}.Release|Any CPU.ActiveCfg = Release|Any CPU
		{156B7048-528C-4B32-9164-269AD0513A91}.Release|Any CPU.Build.0 = Release|Any CPU
		{A4C6762E-59A1-4EDA-B1EA-6038AF5DA89F}.Debug|Any CPU.ActiveCfg = Debug|Any CPU
		{A4C6762E-59A1-4EDA-B1EA-6038AF5DA89F}.Debug|Any CPU.Build.0 = Debug|Any CPU
		{A4C6762E-59A1-4EDA-B1EA-6038AF5DA89F}.Release|Any CPU.ActiveCfg = Release|Any CPU
		{A4C6762E-59A1-4EDA-B1EA-6038AF5DA89F}.Release|Any CPU.Build.0 = Release|Any CPU
		{EEA3A203-F673-4084-8682-CE5930753385}.Debug|Any CPU.ActiveCfg = Debug|Any CPU
		{EEA3A203-F673-4084-8682-CE5930753385}.Debug|Any CPU.Build.0 = Debug|Any CPU
		{EEA3A203-F673-4084-8682-CE5930753385}.Release|Any CPU.ActiveCfg = Release|Any CPU
		{EEA3A203-F673-4084-8682-CE5930753385}.Release|Any CPU.Build.0 = Release|Any CPU
	EndGlobalSection
	GlobalSection(SolutionProperties) = preSolution
		HideSolutionNode = FALSE
	EndGlobalSection
	GlobalSection(ExtensibilityGlobals) = postSolution
		SolutionGuid = {B4A82C8D-7B59-4FBF-9432-80F896EE9E2E}
	EndGlobalSection
EndGlobal
